// !$*UTF8*$!
{
	archiveVersion = 1;
	classes = {
	};
	objectVersion = 55;
	objects = {

/* Begin PBXBuildFile section */
		3F1F5FFB290ADBC80003C0FD /* Tests_iOS.swift in Sources */ = {isa = PBXBuildFile; fileRef = 3F1F5FFA290ADBC80003C0FD /* Tests_iOS.swift */; };
		3F1F5FFD290ADBC80003C0FD /* Tests_iOSLaunchTests.swift in Sources */ = {isa = PBXBuildFile; fileRef = 3F1F5FFC290ADBC80003C0FD /* Tests_iOSLaunchTests.swift */; };
		3F1F6007290ADBC80003C0FD /* Tests_macOS.swift in Sources */ = {isa = PBXBuildFile; fileRef = 3F1F6006290ADBC80003C0FD /* Tests_macOS.swift */; };
		3F1F6009290ADBC80003C0FD /* Tests_macOSLaunchTests.swift in Sources */ = {isa = PBXBuildFile; fileRef = 3F1F6008290ADBC80003C0FD /* Tests_macOSLaunchTests.swift */; };
		3F1F600A290ADBC80003C0FD /* FirstProjectApp.swift in Sources */ = {isa = PBXBuildFile; fileRef = 3F1F5FE2290ADBC40003C0FD /* FirstProjectApp.swift */; };
		3F1F600B290ADBC80003C0FD /* FirstProjectApp.swift in Sources */ = {isa = PBXBuildFile; fileRef = 3F1F5FE2290ADBC40003C0FD /* FirstProjectApp.swift */; };
		3F1F600C290ADBC80003C0FD /* ContentView.swift in Sources */ = {isa = PBXBuildFile; fileRef = 3F1F5FE3290ADBC40003C0FD /* ContentView.swift */; };
		3F1F600D290ADBC80003C0FD /* ContentView.swift in Sources */ = {isa = PBXBuildFile; fileRef = 3F1F5FE3290ADBC40003C0FD /* ContentView.swift */; };
		3F1F600E290ADBC80003C0FD /* Assets.xcassets in Resources */ = {isa = PBXBuildFile; fileRef = 3F1F5FE4290ADBC80003C0FD /* Assets.xcassets */; };
		3F1F600F290ADBC80003C0FD /* Assets.xcassets in Resources */ = {isa = PBXBuildFile; fileRef = 3F1F5FE4290ADBC80003C0FD /* Assets.xcassets */; };
/* End PBXBuildFile section */

/* Begin PBXContainerItemProxy section */
		3F1F5FF7290ADBC80003C0FD /* PBXContainerItemProxy */ = {
			isa = PBXContainerItemProxy;
			containerPortal = 3F1F5FDD290ADBC40003C0FD /* Project object */;
			proxyType = 1;
			remoteGlobalIDString = 3F1F5FE8290ADBC80003C0FD;
			remoteInfo = "FirstProject (iOS)";
		};
		3F1F6003290ADBC80003C0FD /* PBXContainerItemProxy */ = {
			isa = PBXContainerItemProxy;
			containerPortal = 3F1F5FDD290ADBC40003C0FD /* Project object */;
			proxyType = 1;
			remoteGlobalIDString = 3F1F5FEE290ADBC80003C0FD;
			remoteInfo = "FirstProject (macOS)";
		};
/* End PBXContainerItemProxy section */

/* Begin PBXFileReference section */
		3F1F5FE2290ADBC40003C0FD /* FirstProjectApp.swift */ = {isa = PBXFileReference; lastKnownFileType = sourcecode.swift; path = FirstProjectApp.swift; sourceTree = "<group>"; };
		3F1F5FE3290ADBC40003C0FD /* ContentView.swift */ = {isa = PBXFileReference; lastKnownFileType = sourcecode.swift; path = ContentView.swift; sourceTree = "<group>"; };
		3F1F5FE4290ADBC80003C0FD /* Assets.xcassets */ = {isa = PBXFileReference; lastKnownFileType = folder.assetcatalog; path = Assets.xcassets; sourceTree = "<group>"; };
		3F1F5FE9290ADBC80003C0FD /* FirstProject.app */ = {isa = PBXFileReference; explicitFileType = wrapper.application; includeInIndex = 0; path = FirstProject.app; sourceTree = BUILT_PRODUCTS_DIR; };
		3F1F5FEF290ADBC80003C0FD /* FirstProject.app */ = {isa = PBXFileReference; explicitFileType = wrapper.application; includeInIndex = 0; path = FirstProject.app; sourceTree = BUILT_PRODUCTS_DIR; };
		3F1F5FF1290ADBC80003C0FD /* macOS.entitlements */ = {isa = PBXFileReference; lastKnownFileType = text.plist.entitlements; path = macOS.entitlements; sourceTree = "<group>"; };
		3F1F5FF6290ADBC80003C0FD /* Tests iOS.xctest */ = {isa = PBXFileReference; explicitFileType = wrapper.cfbundle; includeInIndex = 0; path = "Tests iOS.xctest"; sourceTree = BUILT_PRODUCTS_DIR; };
		3F1F5FFA290ADBC80003C0FD /* Tests_iOS.swift */ = {isa = PBXFileReference; lastKnownFileType = sourcecode.swift; path = Tests_iOS.swift; sourceTree = "<group>"; };
		3F1F5FFC290ADBC80003C0FD /* Tests_iOSLaunchTests.swift */ = {isa = PBXFileReference; lastKnownFileType = sourcecode.swift; path = Tests_iOSLaunchTests.swift; sourceTree = "<group>"; };
		3F1F6002290ADBC80003C0FD /* Tests macOS.xctest */ = {isa = PBXFileReference; explicitFileType = wrapper.cfbundle; includeInIndex = 0; path = "Tests macOS.xctest"; sourceTree = BUILT_PRODUCTS_DIR; };
		3F1F6006290ADBC80003C0FD /* Tests_macOS.swift */ = {isa = PBXFileReference; lastKnownFileType = sourcecode.swift; path = Tests_macOS.swift; sourceTree = "<group>"; };
		3F1F6008290ADBC80003C0FD /* Tests_macOSLaunchTests.swift */ = {isa = PBXFileReference; lastKnownFileType = sourcecode.swift; path = Tests_macOSLaunchTests.swift; sourceTree = "<group>"; };
/* End PBXFileReference section */

/* Begin PBXFrameworksBuildPhase section */
		3F1F5FE6290ADBC80003C0FD /* Frameworks */ = {
			isa = PBXFrameworksBuildPhase;
			buildActionMask = 2147483647;
			files = (
			);
			runOnlyForDeploymentPostprocessing = 0;
		};
		3F1F5FEC290ADBC80003C0FD /* Frameworks */ = {
			isa = PBXFrameworksBuildPhase;
			buildActionMask = 2147483647;
			files = (
			);
			runOnlyForDeploymentPostprocessing = 0;
		};
		3F1F5FF3290ADBC80003C0FD /* Frameworks */ = {
			isa = PBXFrameworksBuildPhase;
			buildActionMask = 2147483647;
			files = (
			);
			runOnlyForDeploymentPostprocessing = 0;
		};
		3F1F5FFF290ADBC80003C0FD /* Frameworks */ = {
			isa = PBXFrameworksBuildPhase;
			buildActionMask = 2147483647;
			files = (
			);
			runOnlyForDeploymentPostprocessing = 0;
		};
/* End PBXFrameworksBuildPhase section */

/* Begin PBXGroup section */
		3F1F5FDC290ADBC40003C0FD = {
			isa = PBXGroup;
			children = (
				3F1F5FE1290ADBC40003C0FD /* Shared */,
				3F1F5FF0290ADBC80003C0FD /* macOS */,
				3F1F5FF9290ADBC80003C0FD /* Tests iOS */,
				3F1F6005290ADBC80003C0FD /* Tests macOS */,
				3F1F5FEA290ADBC80003C0FD /* Products */,
			);
			sourceTree = "<group>";
		};
		3F1F5FE1290ADBC40003C0FD /* Shared */ = {
			isa = PBXGroup;
			children = (
				3F1F5FE2290ADBC40003C0FD /* FirstProjectApp.swift */,
				3F1F5FE3290ADBC40003C0FD /* ContentView.swift */,
				3F1F5FE4290ADBC80003C0FD /* Assets.xcassets */,
			);
			path = Shared;
			sourceTree = "<group>";
		};
		3F1F5FEA290ADBC80003C0FD /* Products */ = {
			isa = PBXGroup;
			children = (
				3F1F5FE9290ADBC80003C0FD /* FirstProject.app */,
				3F1F5FEF290ADBC80003C0FD /* FirstProject.app */,
				3F1F5FF6290ADBC80003C0FD /* Tests iOS.xctest */,
				3F1F6002290ADBC80003C0FD /* Tests macOS.xctest */,
			);
			name = Products;
			sourceTree = "<group>";
		};
		3F1F5FF0290ADBC80003C0FD /* macOS */ = {
			isa = PBXGroup;
			children = (
				3F1F5FF1290ADBC80003C0FD /* macOS.entitlements */,
			);
			path = macOS;
			sourceTree = "<group>";
		};
		3F1F5FF9290ADBC80003C0FD /* Tests iOS */ = {
			isa = PBXGroup;
			children = (
				3F1F5FFA290ADBC80003C0FD /* Tests_iOS.swift */,
				3F1F5FFC290ADBC80003C0FD /* Tests_iOSLaunchTests.swift */,
			);
			path = "Tests iOS";
			sourceTree = "<group>";
		};
		3F1F6005290ADBC80003C0FD /* Tests macOS */ = {
			isa = PBXGroup;
			children = (
				3F1F6006290ADBC80003C0FD /* Tests_macOS.swift */,
				3F1F6008290ADBC80003C0FD /* Tests_macOSLaunchTests.swift */,
			);
			path = "Tests macOS";
			sourceTree = "<group>";
		};
/* End PBXGroup section */

/* Begin PBXNativeTarget section */
		3F1F5FE8290ADBC80003C0FD /* FirstProject (iOS) */ = {
			isa = PBXNativeTarget;
			buildConfigurationList = 3F1F6012290ADBC80003C0FD /* Build configuration list for PBXNativeTarget "FirstProject (iOS)" */;
			buildPhases = (
				3F1F5FE5290ADBC80003C0FD /* Sources */,
				3F1F5FE6290ADBC80003C0FD /* Frameworks */,
				3F1F5FE7290ADBC80003C0FD /* Resources */,
			);
			buildRules = (
			);
			dependencies = (
			);
			name = "FirstProject (iOS)";
			productName = "FirstProject (iOS)";
			productReference = 3F1F5FE9290ADBC80003C0FD /* FirstProject.app */;
			productType = "com.apple.product-type.application";
		};
		3F1F5FEE290ADBC80003C0FD /* FirstProject (macOS) */ = {
			isa = PBXNativeTarget;
			buildConfigurationList = 3F1F6015290ADBC80003C0FD /* Build configuration list for PBXNativeTarget "FirstProject (macOS)" */;
			buildPhases = (
				3F1F5FEB290ADBC80003C0FD /* Sources */,
				3F1F5FEC290ADBC80003C0FD /* Frameworks */,
				3F1F5FED290ADBC80003C0FD /* Resources */,
			);
			buildRules = (
			);
			dependencies = (
			);
			name = "FirstProject (macOS)";
			productName = "FirstProject (macOS)";
			productReference = 3F1F5FEF290ADBC80003C0FD /* FirstProject.app */;
			productType = "com.apple.product-type.application";
		};
		3F1F5FF5290ADBC80003C0FD /* Tests iOS */ = {
			isa = PBXNativeTarget;
			buildConfigurationList = 3F1F6018290ADBC80003C0FD /* Build configuration list for PBXNativeTarget "Tests iOS" */;
			buildPhases = (
				3F1F5FF2290ADBC80003C0FD /* Sources */,
				3F1F5FF3290ADBC80003C0FD /* Frameworks */,
				3F1F5FF4290ADBC80003C0FD /* Resources */,
			);
			buildRules = (
			);
			dependencies = (
				3F1F5FF8290ADBC80003C0FD /* PBXTargetDependency */,
			);
			name = "Tests iOS";
			productName = "Tests iOS";
			productReference = 3F1F5FF6290ADBC80003C0FD /* Tests iOS.xctest */;
			productType = "com.apple.product-type.bundle.ui-testing";
		};
		3F1F6001290ADBC80003C0FD /* Tests macOS */ = {
			isa = PBXNativeTarget;
			buildConfigurationList = 3F1F601B290ADBC80003C0FD /* Build configuration list for PBXNativeTarget "Tests macOS" */;
			buildPhases = (
				3F1F5FFE290ADBC80003C0FD /* Sources */,
				3F1F5FFF290ADBC80003C0FD /* Frameworks */,
				3F1F6000290ADBC80003C0FD /* Resources */,
			);
			buildRules = (
			);
			dependencies = (
				3F1F6004290ADBC80003C0FD /* PBXTargetDependency */,
			);
			name = "Tests macOS";
			productName = "Tests macOS";
			productReference = 3F1F6002290ADBC80003C0FD /* Tests macOS.xctest */;
			productType = "com.apple.product-type.bundle.ui-testing";
		};
/* End PBXNativeTarget section */

/* Begin PBXProject section */
		3F1F5FDD290ADBC40003C0FD /* Project object */ = {
			isa = PBXProject;
			attributes = {
				BuildIndependentTargetsInParallel = 1;
				LastSwiftUpdateCheck = 1340;
				LastUpgradeCheck = 1340;
				TargetAttributes = {
					3F1F5FE8290ADBC80003C0FD = {
						CreatedOnToolsVersion = 13.4.1;
					};
					3F1F5FEE290ADBC80003C0FD = {
						CreatedOnToolsVersion = 13.4.1;
					};
					3F1F5FF5290ADBC80003C0FD = {
						CreatedOnToolsVersion = 13.4.1;
						TestTargetID = 3F1F5FE8290ADBC80003C0FD;
					};
					3F1F6001290ADBC80003C0FD = {
						CreatedOnToolsVersion = 13.4.1;
						TestTargetID = 3F1F5FEE290ADBC80003C0FD;
					};
				};
			};
			buildConfigurationList = 3F1F5FE0290ADBC40003C0FD /* Build configuration list for PBXProject "FirstProject" */;
			compatibilityVersion = "Xcode 13.0";
			developmentRegion = en;
			hasScannedForEncodings = 0;
			knownRegions = (
				en,
				Base,
			);
			mainGroup = 3F1F5FDC290ADBC40003C0FD;
			productRefGroup = 3F1F5FEA290ADBC80003C0FD /* Products */;
			projectDirPath = "";
			projectRoot = "";
			targets = (
				3F1F5FE8290ADBC80003C0FD /* FirstProject (iOS) */,
				3F1F5FEE290ADBC80003C0FD /* FirstProject (macOS) */,
				3F1F5FF5290ADBC80003C0FD /* Tests iOS */,
				3F1F6001290ADBC80003C0FD /* Tests macOS */,
			);
		};
/* End PBXProject section */

/* Begin PBXResourcesBuildPhase section */
		3F1F5FE7290ADBC80003C0FD /* Resources */ = {
			isa = PBXResourcesBuildPhase;
			buildActionMask = 2147483647;
			files = (
				3F1F600E290ADBC80003C0FD /* Assets.xcassets in Resources */,
			);
			runOnlyForDeploymentPostprocessing = 0;
		};
		3F1F5FED290ADBC80003C0FD /* Resources */ = {
			isa = PBXResourcesBuildPhase;
			buildActionMask = 2147483647;
			files = (
				3F1F600F290ADBC80003C0FD /* Assets.xcassets in Resources */,
			);
			runOnlyForDeploymentPostprocessing = 0;
		};
		3F1F5FF4290ADBC80003C0FD /* Resources */ = {
			isa = PBXResourcesBuildPhase;
			buildActionMask = 2147483647;
			files = (
			);
			runOnlyForDeploymentPostprocessing = 0;
		};
		3F1F6000290ADBC80003C0FD /* Resources */ = {
			isa = PBXResourcesBuildPhase;
			buildActionMask = 2147483647;
			files = (
			);
			runOnlyForDeploymentPostprocessing = 0;
		};
/* End PBXResourcesBuildPhase section */

/* Begin PBXSourcesBuildPhase section */
		3F1F5FE5290ADBC80003C0FD /* Sources */ = {
			isa = PBXSourcesBuildPhase;
			buildActionMask = 2147483647;
			files = (
				3F1F600C290ADBC80003C0FD /* ContentView.swift in Sources */,
				3F1F600A290ADBC80003C0FD /* FirstProjectApp.swift in Sources */,
			);
			runOnlyForDeploymentPostprocessing = 0;
		};
		3F1F5FEB290ADBC80003C0FD /* Sources */ = {
			isa = PBXSourcesBuildPhase;
			buildActionMask = 2147483647;
			files = (
				3F1F600D290ADBC80003C0FD /* ContentView.swift in Sources */,
				3F1F600B290ADBC80003C0FD /* FirstProjectApp.swift in Sources */,
			);
			runOnlyForDeploymentPostprocessing = 0;
		};
		3F1F5FF2290ADBC80003C0FD /* Sources */ = {
			isa = PBXSourcesBuildPhase;
			buildActionMask = 2147483647;
			files = (
				3F1F5FFD290ADBC80003C0FD /* Tests_iOSLaunchTests.swift in Sources */,
				3F1F5FFB290ADBC80003C0FD /* Tests_iOS.swift in Sources */,
			);
			runOnlyForDeploymentPostprocessing = 0;
		};
		3F1F5FFE290ADBC80003C0FD /* Sources */ = {
			isa = PBXSourcesBuildPhase;
			buildActionMask = 2147483647;
			files = (
				3F1F6009290ADBC80003C0FD /* Tests_macOSLaunchTests.swift in Sources */,
				3F1F6007290ADBC80003C0FD /* Tests_macOS.swift in Sources */,
			);
			runOnlyForDeploymentPostprocessing = 0;
		};
/* End PBXSourcesBuildPhase section */

/* Begin PBXTargetDependency section */
		3F1F5FF8290ADBC80003C0FD /* PBXTargetDependency */ = {
			isa = PBXTargetDependency;
			target = 3F1F5FE8290ADBC80003C0FD /* FirstProject (iOS) */;
			targetProxy = 3F1F5FF7290ADBC80003C0FD /* PBXContainerItemProxy */;
		};
		3F1F6004290ADBC80003C0FD /* PBXTargetDependency */ = {
			isa = PBXTargetDependency;
			target = 3F1F5FEE290ADBC80003C0FD /* FirstProject (macOS) */;
			targetProxy = 3F1F6003290ADBC80003C0FD /* PBXContainerItemProxy */;
		};
/* End PBXTargetDependency section */

/* Begin XCBuildConfiguration section */
		3F1F6010290ADBC80003C0FD /* Debug */ = {
			isa = XCBuildConfiguration;
			buildSettings = {
				ALWAYS_SEARCH_USER_PATHS = NO;
				CLANG_ANALYZER_NONNULL = YES;
				CLANG_ANALYZER_NUMBER_OBJECT_CONVERSION = YES_AGGRESSIVE;
				CLANG_CXX_LANGUAGE_STANDARD = "gnu++17";
				CLANG_ENABLE_MODULES = YES;
				CLANG_ENABLE_OBJC_ARC = YES;
				CLANG_ENABLE_OBJC_WEAK = YES;
				CLANG_WARN_BLOCK_CAPTURE_AUTORELEASING = YES;
				CLANG_WARN_BOOL_CONVERSION = YES;
				CLANG_WARN_COMMA = YES;
				CLANG_WARN_CONSTANT_CONVERSION = YES;
				CLANG_WARN_DEPRECATED_OBJC_IMPLEMENTATIONS = YES;
				CLANG_WARN_DIRECT_OBJC_ISA_USAGE = YES_ERROR;
				CLANG_WARN_DOCUMENTATION_COMMENTS = YES;
				CLANG_WARN_EMPTY_BODY = YES;
				CLANG_WARN_ENUM_CONVERSION = YES;
				CLANG_WARN_INFINITE_RECURSION = YES;
				CLANG_WARN_INT_CONVERSION = YES;
				CLANG_WARN_NON_LITERAL_NULL_CONVERSION = YES;
				CLANG_WARN_OBJC_IMPLICIT_RETAIN_SELF = YES;
				CLANG_WARN_OBJC_LITERAL_CONVERSION = YES;
				CLANG_WARN_OBJC_ROOT_CLASS = YES_ERROR;
				CLANG_WARN_QUOTED_INCLUDE_IN_FRAMEWORK_HEADER = YES;
				CLANG_WARN_RANGE_LOOP_ANALYSIS = YES;
				CLANG_WARN_STRICT_PROTOTYPES = YES;
				CLANG_WARN_SUSPICIOUS_MOVE = YES;
				CLANG_WARN_UNGUARDED_AVAILABILITY = YES_AGGRESSIVE;
				CLANG_WARN_UNREACHABLE_CODE = YES;
				CLANG_WARN__DUPLICATE_METHOD_MATCH = YES;
				COPY_PHASE_STRIP = NO;
				DEBUG_INFORMATION_FORMAT = dwarf;
				ENABLE_STRICT_OBJC_MSGSEND = YES;
				ENABLE_TESTABILITY = YES;
				GCC_C_LANGUAGE_STANDARD = gnu11;
				GCC_DYNAMIC_NO_PIC = NO;
				GCC_NO_COMMON_BLOCKS = YES;
				GCC_OPTIMIZATION_LEVEL = 0;
				GCC_PREPROCESSOR_DEFINITIONS = (
					"DEBUG=1",
					"$(inherited)",
				);
				GCC_WARN_64_TO_32_BIT_CONVERSION = YES;
				GCC_WARN_ABOUT_RETURN_TYPE = YES_ERROR;
				GCC_WARN_UNDECLARED_SELECTOR = YES;
				GCC_WARN_UNINITIALIZED_AUTOS = YES_AGGRESSIVE;
				GCC_WARN_UNUSED_FUNCTION = YES;
				GCC_WARN_UNUSED_VARIABLE = YES;
				MTL_ENABLE_DEBUG_INFO = INCLUDE_SOURCE;
				MTL_FAST_MATH = YES;
				ONLY_ACTIVE_ARCH = YES;
				SWIFT_ACTIVE_COMPILATION_CONDITIONS = DEBUG;
				SWIFT_OPTIMIZATION_LEVEL = "-Onone";
			};
			name = Debug;
		};
		3F1F6011290ADBC80003C0FD /* Release */ = {
			isa = XCBuildConfiguration;
			buildSettings = {
				ALWAYS_SEARCH_USER_PATHS = NO;
				CLANG_ANALYZER_NONNULL = YES;
				CLANG_ANALYZER_NUMBER_OBJECT_CONVERSION = YES_AGGRESSIVE;
				CLANG_CXX_LANGUAGE_STANDARD = "gnu++17";
				CLANG_ENABLE_MODULES = YES;
				CLANG_ENABLE_OBJC_ARC = YES;
				CLANG_ENABLE_OBJC_WEAK = YES;
				CLANG_WARN_BLOCK_CAPTURE_AUTORELEASING = YES;
				CLANG_WARN_BOOL_CONVERSION = YES;
				CLANG_WARN_COMMA = YES;
				CLANG_WARN_CONSTANT_CONVERSION = YES;
				CLANG_WARN_DEPRECATED_OBJC_IMPLEMENTATIONS = YES;
				CLANG_WARN_DIRECT_OBJC_ISA_USAGE = YES_ERROR;
				CLANG_WARN_DOCUMENTATION_COMMENTS = YES;
				CLANG_WARN_EMPTY_BODY = YES;
				CLANG_WARN_ENUM_CONVERSION = YES;
				CLANG_WARN_INFINITE_RECURSION = YES;
				CLANG_WARN_INT_CONVERSION = YES;
				CLANG_WARN_NON_LITERAL_NULL_CONVERSION = YES;
				CLANG_WARN_OBJC_IMPLICIT_RETAIN_SELF = YES;
				CLANG_WARN_OBJC_LITERAL_CONVERSION = YES;
				CLANG_WARN_OBJC_ROOT_CLASS = YES_ERROR;
				CLANG_WARN_QUOTED_INCLUDE_IN_FRAMEWORK_HEADER = YES;
				CLANG_WARN_RANGE_LOOP_ANALYSIS = YES;
				CLANG_WARN_STRICT_PROTOTYPES = YES;
				CLANG_WARN_SUSPICIOUS_MOVE = YES;
				CLANG_WARN_UNGUARDED_AVAILABILITY = YES_AGGRESSIVE;
				CLANG_WARN_UNREACHABLE_CODE = YES;
				CLANG_WARN__DUPLICATE_METHOD_MATCH = YES;
				COPY_PHASE_STRIP = NO;
				DEBUG_INFORMATION_FORMAT = "dwarf-with-dsym";
				ENABLE_NS_ASSERTIONS = NO;
				ENABLE_STRICT_OBJC_MSGSEND = YES;
				GCC_C_LANGUAGE_STANDARD = gnu11;
				GCC_NO_COMMON_BLOCKS = YES;
				GCC_WARN_64_TO_32_BIT_CONVERSION = YES;
				GCC_WARN_ABOUT_RETURN_TYPE = YES_ERROR;
				GCC_WARN_UNDECLARED_SELECTOR = YES;
				GCC_WARN_UNINITIALIZED_AUTOS = YES_AGGRESSIVE;
				GCC_WARN_UNUSED_FUNCTION = YES;
				GCC_WARN_UNUSED_VARIABLE = YES;
				MTL_ENABLE_DEBUG_INFO = NO;
				MTL_FAST_MATH = YES;
				SWIFT_COMPILATION_MODE = wholemodule;
				SWIFT_OPTIMIZATION_LEVEL = "-O";
			};
			name = Release;
		};
		3F1F6013290ADBC80003C0FD /* Debug */ = {
			isa = XCBuildConfiguration;
			buildSettings = {
				ASSETCATALOG_COMPILER_APPICON_NAME = AppIcon;
				ASSETCATALOG_COMPILER_GLOBAL_ACCENT_COLOR_NAME = AccentColor;
				CODE_SIGN_STYLE = Automatic;
				CURRENT_PROJECT_VERSION = 1;
				DEVELOPMENT_TEAM = 2L24TQ8W95;
				ENABLE_PREVIEWS = YES;
				GENERATE_INFOPLIST_FILE = YES;
				INFOPLIST_KEY_UIApplicationSceneManifest_Generation = YES;
				INFOPLIST_KEY_UIApplicationSupportsIndirectInputEvents = YES;
				INFOPLIST_KEY_UILaunchScreen_Generation = YES;
				INFOPLIST_KEY_UISupportedInterfaceOrientations_iPad = "UIInterfaceOrientationPortrait UIInterfaceOrientationPortraitUpsideDown UIInterfaceOrientationLandscapeLeft UIInterfaceOrientationLandscapeRight";
				INFOPLIST_KEY_UISupportedInterfaceOrientations_iPhone = "UIInterfaceOrientationPortrait UIInterfaceOrientationLandscapeLeft UIInterfaceOrientationLandscapeRight";
				IPHONEOS_DEPLOYMENT_TARGET = 15.5;
				LD_RUNPATH_SEARCH_PATHS = (
					"$(inherited)",
					"@executable_path/Frameworks",
				);
				MARKETING_VERSION = 1.0;
				PRODUCT_BUNDLE_IDENTIFIER = com.fmi.72072.FirstProject;
				PRODUCT_NAME = FirstProject;
				SDKROOT = iphoneos;
				SWIFT_EMIT_LOC_STRINGS = YES;
				SWIFT_VERSION = 5.0;
				TARGETED_DEVICE_FAMILY = "1,2";
			};
			name = Debug;
		};
		3F1F6014290ADBC80003C0FD /* Release */ = {
			isa = XCBuildConfiguration;
			buildSettings = {
				ASSETCATALOG_COMPILER_APPICON_NAME = AppIcon;
				ASSETCATALOG_COMPILER_GLOBAL_ACCENT_COLOR_NAME = AccentColor;
				CODE_SIGN_STYLE = Automatic;
				CURRENT_PROJECT_VERSION = 1;
				DEVELOPMENT_TEAM = 2L24TQ8W95;
				ENABLE_PREVIEWS = YES;
				GENERATE_INFOPLIST_FILE = YES;
				INFOPLIST_KEY_UIApplicationSceneManifest_Generation = YES;
				INFOPLIST_KEY_UIApplicationSupportsIndirectInputEvents = YES;
				INFOPLIST_KEY_UILaunchScreen_Generation = YES;
				INFOPLIST_KEY_UISupportedInterfaceOrientations_iPad = "UIInterfaceOrientationPortrait UIInterfaceOrientationPortraitUpsideDown UIInterfaceOrientationLandscapeLeft UIInterfaceOrientationLandscapeRight";
				INFOPLIST_KEY_UISupportedInterfaceOrientations_iPhone = "UIInterfaceOrientationPortrait UIInterfaceOrientationLandscapeLeft UIInterfaceOrientationLandscapeRight";
				IPHONEOS_DEPLOYMENT_TARGET = 15.5;
				LD_RUNPATH_SEARCH_PATHS = (
					"$(inherited)",
					"@executable_path/Frameworks",
				);
				MARKETING_VERSION = 1.0;
				PRODUCT_BUNDLE_IDENTIFIER = com.fmi.72072.FirstProject;
				PRODUCT_NAME = FirstProject;
				SDKROOT = iphoneos;
				SWIFT_EMIT_LOC_STRINGS = YES;
				SWIFT_VERSION = 5.0;
				TARGETED_DEVICE_FAMILY = "1,2";
				VALIDATE_PRODUCT = YES;
			};
			name = Release;
		};
		3F1F6016290ADBC80003C0FD /* Debug */ = {
			isa = XCBuildConfiguration;
			buildSettings = {
				ASSETCATALOG_COMPILER_APPICON_NAME = AppIcon;
				ASSETCATALOG_COMPILER_GLOBAL_ACCENT_COLOR_NAME = AccentColor;
				CODE_SIGN_ENTITLEMENTS = macOS/macOS.entitlements;
				CODE_SIGN_STYLE = Automatic;
				COMBINE_HIDPI_IMAGES = YES;
				CURRENT_PROJECT_VERSION = 1;
				DEVELOPMENT_TEAM = 2L24TQ8W95;
				ENABLE_HARDENED_RUNTIME = YES;
				ENABLE_PREVIEWS = YES;
				GENERATE_INFOPLIST_FILE = YES;
				INFOPLIST_KEY_NSHumanReadableCopyright = "";
				LD_RUNPATH_SEARCH_PATHS = (
					"$(inherited)",
					"@executable_path/../Frameworks",
				);
				MACOSX_DEPLOYMENT_TARGET = 12.3;
				MARKETING_VERSION = 1.0;
				PRODUCT_BUNDLE_IDENTIFIER = com.fmi.72072.FirstProject;
				PRODUCT_NAME = FirstProject;
				SDKROOT = macosx;
				SWIFT_EMIT_LOC_STRINGS = YES;
				SWIFT_VERSION = 5.0;
			};
			name = Debug;
		};
		3F1F6017290ADBC80003C0FD /* Release */ = {
			isa = XCBuildConfiguration;
			buildSettings = {
				ASSETCATALOG_COMPILER_APPICON_NAME = AppIcon;
				ASSETCATALOG_COMPILER_GLOBAL_ACCENT_COLOR_NAME = AccentColor;
				CODE_SIGN_ENTITLEMENTS = macOS/macOS.entitlements;
				CODE_SIGN_STYLE = Automatic;
				COMBINE_HIDPI_IMAGES = YES;
				CURRENT_PROJECT_VERSION = 1;
				DEVELOPMENT_TEAM = 2L24TQ8W95;
				ENABLE_HARDENED_RUNTIME = YES;
				ENABLE_PREVIEWS = YES;
				GENERATE_INFOPLIST_FILE = YES;
				INFOPLIST_KEY_NSHumanReadableCopyright = "";
				LD_RUNPATH_SEARCH_PATHS = (
					"$(inherited)",
					"@executable_path/../Frameworks",
				);
				MACOSX_DEPLOYMENT_TARGET = 12.3;
				MARKETING_VERSION = 1.0;
				PRODUCT_BUNDLE_IDENTIFIER = com.fmi.72072.FirstProject;
				PRODUCT_NAME = FirstProject;
				SDKROOT = macosx;
				SWIFT_EMIT_LOC_STRINGS = YES;
				SWIFT_VERSION = 5.0;
			};
			name = Release;
		};
		3F1F6019290ADBC80003C0FD /* Debug */ = {
			isa = XCBuildConfiguration;
			buildSettings = {
				ALWAYS_EMBED_SWIFT_STANDARD_LIBRARIES = YES;
				CODE_SIGN_STYLE = Automatic;
				CURRENT_PROJECT_VERSION = 1;
				DEVELOPMENT_TEAM = 2L24TQ8W95;
				GENERATE_INFOPLIST_FILE = YES;
				IPHONEOS_DEPLOYMENT_TARGET = 15.5;
				MARKETING_VERSION = 1.0;
				PRODUCT_BUNDLE_IDENTIFIER = "com.fmi.72072.Tests-iOS";
				PRODUCT_NAME = "$(TARGET_NAME)";
				SDKROOT = iphoneos;
				SWIFT_EMIT_LOC_STRINGS = NO;
				SWIFT_VERSION = 5.0;
				TARGETED_DEVICE_FAMILY = "1,2";
				TEST_TARGET_NAME = "FirstProject (iOS)";
			};
			name = Debug;
		};
		3F1F601A290ADBC80003C0FD /* Release */ = {
			isa = XCBuildConfiguration;
			buildSettings = {
				ALWAYS_EMBED_SWIFT_STANDARD_LIBRARIES = YES;
				CODE_SIGN_STYLE = Automatic;
				CURRENT_PROJECT_VERSION = 1;
				DEVELOPMENT_TEAM = 2L24TQ8W95;
				GENERATE_INFOPLIST_FILE = YES;
				IPHONEOS_DEPLOYMENT_TARGET = 15.5;
				MARKETING_VERSION = 1.0;
				PRODUCT_BUNDLE_IDENTIFIER = "com.fmi.72072.Tests-iOS";
				PRODUCT_NAME = "$(TARGET_NAME)";
				SDKROOT = iphoneos;
				SWIFT_EMIT_LOC_STRINGS = NO;
				SWIFT_VERSION = 5.0;
				TARGETED_DEVICE_FAMILY = "1,2";
				TEST_TARGET_NAME = "FirstProject (iOS)";
				VALIDATE_PRODUCT = YES;
			};
			name = Release;
		};
		3F1F601C290ADBC80003C0FD /* Debug */ = {
			isa = XCBuildConfiguration;
			buildSettings = {
				ALWAYS_EMBED_SWIFT_STANDARD_LIBRARIES = YES;
				CODE_SIGN_STYLE = Automatic;
				CURRENT_PROJECT_VERSION = 1;
				DEVELOPMENT_TEAM = 2L24TQ8W95;
				GENERATE_INFOPLIST_FILE = YES;
				MACOSX_DEPLOYMENT_TARGET = 12.3;
				MARKETING_VERSION = 1.0;
				PRODUCT_BUNDLE_IDENTIFIER = "com.fmi.72072.Tests-macOS";
				PRODUCT_NAME = "$(TARGET_NAME)";
				SDKROOT = macosx;
				SWIFT_EMIT_LOC_STRINGS = NO;
				SWIFT_VERSION = 5.0;
				TEST_TARGET_NAME = "FirstProject (macOS)";
			};
			name = Debug;
		};
		3F1F601D290ADBC80003C0FD /* Release */ = {
			isa = XCBuildConfiguration;
			buildSettings = {
				ALWAYS_EMBED_SWIFT_STANDARD_LIBRARIES = YES;
				CODE_SIGN_STYLE = Automatic;
				CURRENT_PROJECT_VERSION = 1;
				DEVELOPMENT_TEAM = 2L24TQ8W95;
				GENERATE_INFOPLIST_FILE = YES;
				MACOSX_DEPLOYMENT_TARGET = 12.3;
				MARKETING_VERSION = 1.0;
				PRODUCT_BUNDLE_IDENTIFIER = "com.fmi.72072.Tests-macOS";
				PRODUCT_NAME = "$(TARGET_NAME)";
				SDKROOT = macosx;
				SWIFT_EMIT_LOC_STRINGS = NO;
				SWIFT_VERSION = 5.0;
				TEST_TARGET_NAME = "FirstProject (macOS)";
			};
			name = Release;
		};
/* End XCBuildConfiguration section */

/* Begin XCConfigurationList section */
		3F1F5FE0290ADBC40003C0FD /* Build configuration list for PBXProject "FirstProject" */ = {
			isa = XCConfigurationList;
			buildConfigurations = (
				3F1F6010290ADBC80003C0FD /* Debug */,
				3F1F6011290ADBC80003C0FD /* Release */,
			);
			defaultConfigurationIsVisible = 0;
			defaultConfigurationName = Release;
		};
		3F1F6012290ADBC80003C0FD /* Build configuration list for PBXNativeTarget "FirstProject (iOS)" */ = {
			isa = XCConfigurationList;
			buildConfigurations = (
				3F1F6013290ADBC80003C0FD /* Debug */,
				3F1F6014290ADBC80003C0FD /* Release */,
			);
			defaultConfigurationIsVisible = 0;
			defaultConfigurationName = Release;
		};
		3F1F6015290ADBC80003C0FD /* Build configuration list for PBXNativeTarget "FirstProject (macOS)" */ = {
			isa = XCConfigurationList;
			buildConfigurations = (
				3F1F6016290ADBC80003C0FD /* Debug */,
				3F1F6017290ADBC80003C0FD /* Release */,
			);
			defaultConfigurationIsVisible = 0;
			defaultConfigurationName = Release;
		};
		3F1F6018290ADBC80003C0FD /* Build configuration list for PBXNativeTarget "Tests iOS" */ = {
			isa = XCConfigurationList;
			buildConfigurations = (
				3F1F6019290ADBC80003C0FD /* Debug */,
				3F1F601A290ADBC80003C0FD /* Release */,
			);
			defaultConfigurationIsVisible = 0;
			defaultConfigurationName = Release;
		};
		3F1F601B290ADBC80003C0FD /* Build configuration list for PBXNativeTarget "Tests macOS" */ = {
			isa = XCConfigurationList;
			buildConfigurations = (
				3F1F601C290ADBC80003C0FD /* Debug */,
				3F1F601D290ADBC80003C0FD /* Release */,
			);
			defaultConfigurationIsVisible = 0;
			defaultConfigurationName = Release;
		};
/* End XCConfigurationList section */
	};
	rootObject = 3F1F5FDD290ADBC40003C0FD /* Project object */;
}
